
Microsoft Visual Studio Solution File, Format Version 12.00
# Visual Studio 2012
Project("{FAE04EC0-301F-11D3-BF4B-00C04F79EFBC}") = "KanColle", "KanColleAPI\KanColle.csproj", "{AA6C512F-2127-4FCD-AC9A-51D085E14FC0}"
EndProject
Project("{FAE04EC0-301F-11D3-BF4B-00C04F79EFBC}") = "KanColleConsole", "KanColleConsole\KanColleConsole.csproj", "{4FE21194-7BB6-4FEF-8C87-2E0AE70FAF19}"
EndProject
Project("{FAE04EC0-301F-11D3-BF4B-00C04F79EFBC}") = "Sparkler", "Sparkler\Sparkler.csproj", "{DFE936A9-2CB4-4C56-AC1A-7FB60E8960F3}"
EndProject
Project("{FAE04EC0-301F-11D3-BF4B-00C04F79EFBC}") = "RunExp", "RunExp\RunExp.csproj", "{4BE0F729-1FC9-4193-A9D9-DC5E32B3FE72}"
EndProject
Project("{FAE04EC0-301F-11D3-BF4B-00C04F79EFBC}") = "RunExpKai", "RunExpKai\RunExpKai.csproj", "{C6116842-6176-4EAB-BC21-6169567CF4D4}"
EndProject
Project("{FAE04EC0-301F-11D3-BF4B-00C04F79EFBC}") = "RapidCraft", "RapidCraft\RapidCraft.csproj", "{9A00AAFE-68CF-4A6F-8B74-7996FF130775}"
EndProject
Global
	GlobalSection(SolutionConfigurationPlatforms) = preSolution
		Debug|Any CPU = Debug|Any CPU
		Release|Any CPU = Release|Any CPU
	EndGlobalSection
	GlobalSection(ProjectConfigurationPlatforms) = postSolution
		{AA6C512F-2127-4FCD-AC9A-51D085E14FC0}.Debug|Any CPU.ActiveCfg = Debug|Any CPU
		{AA6C512F-2127-4FCD-AC9A-51D085E14FC0}.Debug|Any CPU.Build.0 = Debug|Any CPU
		{AA6C512F-2127-4FCD-AC9A-51D085E14FC0}.Release|Any CPU.ActiveCfg = Release|Any CPU
		{AA6C512F-2127-4FCD-AC9A-51D085E14FC0}.Release|Any CPU.Build.0 = Release|Any CPU
		{4FE21194-7BB6-4FEF-8C87-2E0AE70FAF19}.Debug|Any CPU.ActiveCfg = Debug|Any CPU
		{4FE21194-7BB6-4FEF-8C87-2E0AE70FAF19}.Debug|Any CPU.Build.0 = Debug|Any CPU
		{4FE21194-7BB6-4FEF-8C87-2E0AE70FAF19}.Release|Any CPU.ActiveCfg = Release|Any CPU
		{4FE21194-7BB6-4FEF-8C87-2E0AE70FAF19}.Release|Any CPU.Build.0 = Release|Any CPU
		{DFE936A9-2CB4-4C56-AC1A-7FB60E8960F3}.Debug|Any CPU.ActiveCfg = Debug|Any CPU
		{DFE936A9-2CB4-4C56-AC1A-7FB60E8960F3}.Debug|Any CPU.Build.0 = Debug|Any CPU
		{DFE936A9-2CB4-4C56-AC1A-7FB60E8960F3}.Release|Any CPU.ActiveCfg = Release|Any CPU
		{DFE936A9-2CB4-4C56-AC1A-7FB60E8960F3}.Release|Any CPU.Build.0 = Release|Any CPU
		{4BE0F729-1FC9-4193-A9D9-DC5E32B3FE72}.Debug|Any CPU.ActiveCfg = Debug|Any CPU
		{4BE0F729-1FC9-4193-A9D9-DC5E32B3FE72}.Debug|Any CPU.Build.0 = Debug|Any CPU
		{4BE0F729-1FC9-4193-A9D9-DC5E32B3FE72}.Release|Any CPU.ActiveCfg = Release|Any CPU
		{4BE0F729-1FC9-4193-A9D9-DC5E32B3FE72}.Release|Any CPU.Build.0 = Release|Any CPU
		{C6116842-6176-4EAB-BC21-6169567CF4D4}.Debug|Any CPU.ActiveCfg = Debug|Any CPU
		{C6116842-6176-4EAB-BC21-6169567CF4D4}.Debug|Any CPU.Build.0 = Debug|Any CPU
		{C6116842-6176-4EAB-BC21-6169567CF4D4}.Release|Any CPU.ActiveCfg = Release|Any CPU
		{C6116842-6176-4EAB-BC21-6169567CF4D4}.Release|Any CPU.Build.0 = Release|Any CPU
		{9A00AAFE-68CF-4A6F-8B74-7996FF130775}.Debug|Any CPU.ActiveCfg = Debug|Any CPU
		{9A00AAFE-68CF-4A6F-8B74-7996FF130775}.Debug|Any CPU.Build.0 = Debug|Any CPU
		{9A00AAFE-68CF-4A6F-8B74-7996FF130775}.Release|Any CPU.ActiveCfg = Release|Any CPU
		{9A00AAFE-68CF-4A6F-8B74-7996FF130775}.Release|Any CPU.Build.0 = Release|Any CPU
	EndGlobalSection
	GlobalSection(SolutionProperties) = preSolution
		HideSolutionNode = FALSE
	EndGlobalSection
EndGlobal
